github.com/VividCortex/ewma v1.1.1 h1:MnEK4VOv6n0RSY4vtRe3h11qjxL3+t0B8yOL8iMXdcM=
github.com/VividCortex/ewma v1.1.1/go.mod h1:2Tkkvm3sRDVXaiyucHiACn4cqf7DpdyLvmxzcbUokwA=
github.com/acarl005/stripansi v0.0.0-20180116102854-5a71ef0e047d h1:licZJFw2RwpHMqeKTCYkitsPqHNxTmd4SNR5r94FGM8=
github.com/acarl005/stripansi v0.0.0-20180116102854-5a71ef0e047d/go.mod h1:asat636LX7Bqt5lYEZ27JNDcqxfjdBQuJ/MM4CN/Lzo=
github.com/davecgh/go-spew v1.1.0 h1:ZDRjVQ15GmhC3fiQ8ni8+OwkZQO4DARzQgrnXU1Liz8=
github.com/davecgh/go-spew v1.1.0/go.mod h1:J7Y8YcW2NihsgmVo/mv3lAwl/skON4iLHjSsI+c5H38=
github.com/mattn/go-isatty v0.0.12 h1:wuysRhFDzyxgEmMf5xjvJ2M9dZoWAXNNr5LSBS7uHXY=
github.com/mattn/go-isatty v0.0.12/go.mod h1:cbi8OIDigv2wuxKPP5vlRcQ1OAZbq2CE4Kysco4FUpU=
github.com/pmezard/go-difflib v1.0.0 h1:4DBwDE0NGyQoBHbLQYPwSUPoCMWR5BEzIk/f1lZbAQM=
github.com/pmezard/go-difflib v1.0.0/go.mod h1:iKH77koFhYxTK1pcRnkKkqfTogsbg7gZNVY4sRDYZ/4=
github.com/stretchr/objx v0.1.0/go.mod h1:HFkY916IF+rwdDfMAkV7OtwuqBVzrE8GR6GFx+wExME=
github.com/stretchr/testify v1.5.1 h1:nOGnQDM7FYENwehXlg/kFVnos3rEvtKTjRvOWSzb6H4=
github.com/stretchr/testify v1.5.1/go.mod h1:5W2xD1RspED5o8YsWQXVCued0rvSQ+mT+I5cxcmMvtA=
github.com/vbauerster/mpb v1.1.3 h1:IRgic8VFaURXkW0VxDLkNOiNaAgtw0okB2YIaVvJDI4=
github.com/vbauerster/mpb v3.4.0+incompatible h1:mfiiYw87ARaeRW6x5gWwYRUawxaW1tLAD8IceomUCNw=
github.com/vbauerster/mpb v3.4.0+incompatible/go.mod h1:zAHG26FUhVKETRu+MWqYXcI70POlC6N8up9p1dID7SU=
github.com/vbauerster/mpb/v5 v5.0.3 h1:Ldt/azOkbThTk2loi6FrBd/3fhxGFQ24MxFAS88PoNY=
github.com/vbauerster/mpb/v5 v5.0.3/go.mod h1:h3YxU5CSr8rZP4Q3xZPVB3jJLhWPou63lHEdr9ytH4Y=
github.com/xuender/biosphere v0.0.0-20200317122807-afdb6f5f1dc6/go.mod h1:aXkVZZmH/rypYARNFB5V9XbJ5PEGTepzX6l4DW2IKUc=
github.com/xuender/biosphere v0.0.0-20200321015933-8b6f1b0d1d2e/go.mod h1:1QtAiyimhql0IrEeAoRiLYhEe1hZ8r/d2snKmC5oNTU=
github.com/xuender/biosphere v0.0.0-20200323075810-1643e61cda20/go.mod h1:l3C6VitnMCm9YrWxxkxaxMD/HPwceTaheMC6EzMx234=
github.com/xuender/biosphere/_examples/roby v0.0.0-20200319121626-9964f993fd54 h1:FvSyeJOYtEz+CtA+8pM8Bss4V4VPkoHY/X1xpvWgL7E=
github.com/xuender/biosphere/_examples/roby v0.0.0-20200319121626-9964f993fd54/go.mod h1:mO7LmLMDgvaE4bfmJm9WHJQo7OPdPRSvF0yxQen6Ar0=
github.com/xuender/biosphere/_examples/roby v0.0.0-20200322115025-c849f86352ac h1:x4G7MdwwcyVroLUk9m5mYceJ3tLu3Pj6iCGeAlg8maU=
github.com/xuender/biosphere/_examples/roby v0.0.0-20200322115025-c849f86352ac/go.mod h1:+e2QPqGW6dfD2DQbRq/GQDgEJblFmGMFksIH8Z/Fa6U=
github.com/xuender/biosphere/_examples/roby v0.0.0-20200323103450-263bcabbbaa0 h1:QmuxKjC2/m4wLuTyj/UMzdCKQ/2pkyYp9yYu1LrAu6s=
github.com/xuender/biosphere/_examples/roby v0.0.0-20200323103450-263bcabbbaa0/go.mod h1:XDbTrE6xu8yUdjT9pMNTQth86TyRpaGQkeaGqJpl7hQ=
github.com/xuender/oil v0.0.0-20200315041926-0cc93582dec8 h1:LtEPq8KAgQGmiTaVPKTnmpVtIiA/w6h58vOXbJD6B7U=
github.com/xuender/oil v0.0.0-20200315041926-0cc93582dec8/go.mod h1:F5VB2EA8trmZtighU2/LvbMOVlfOYbjT4m0VTJ+fBQ8=
github.com/xuender/oil v0.0.0-20200319121256-0a16f2920b3c h1:+9xV8MOhKEvjBw3KIZQeTTzEq1v6Hj05qNVf3hln8aw=
github.com/xuender/oil v0.0.0-20200319121256-0a16f2920b3c/go.mod h1:F5VB2EA8trmZtighU2/LvbMOVlfOYbjT4m0VTJ+fBQ8=
github.com/xuender/oil v0.0.0-20200321014853-1775d1ef1c09 h1:o3Se9NjW+2G1vY4s8HRs5vLXPfQCpKftmuYL41fnXV0=
github.com/xuender/oil v0.0.0-20200321014853-1775d1ef1c09/go.mod h1:F5VB2EA8trmZtighU2/LvbMOVlfOYbjT4m0VTJ+fBQ8=
github.com/xuender/oil v0.0.0-20200321032312-563690aee9fd h1:7DCT1PFP0x2dkxWDicti1EXxcuOyt4MWnrw/xXgKRhM=
github.com/xuender/oil v0.0.0-20200321032312-563690aee9fd/go.mod h1:F5VB2EA8trmZtighU2/LvbMOVlfOYbjT4m0VTJ+fBQ8=
github.com/xuender/oil v0.0.0-20200321040139-2e3a2847e66e h1:rwjfvkqhIonhwfAvJEQWbpEK56AY7DtH+AYarFn6fE8=
github.com/xuender/oil v0.0.0-20200321040139-2e3a2847e66e/go.mod h1:F5VB2EA8trmZtighU2/LvbMOVlfOYbjT4m0VTJ+fBQ8=
github.com/xuender/oil v0.0.0-20200323111433-2f81fc083688 h1:bMkO1apoAbfZfNGBjfah1XO1uSfMOFyJOUY+IzZpUSs=
github.com/xuender/oil v0.0.0-20200323111433-2f81fc083688/go.mod h1:F5VB2EA8trmZtighU2/LvbMOVlfOYbjT4m0VTJ+fBQ8=
golang.org/x/crypto v0.0.0-20190308221718-c2843e01d9a2/go.mod h1:djNgcEr1/C05ACkg1iLfiJU5Ep61QUkGW8qpdssI0+w=
golang.org/x/crypto v0.0.0-20200311171314-f7b00557c8c4 h1:QmwruyY+bKbDDL0BaglrbZABEali68eoMFhTZpCjYVA=
golang.org/x/crypto v0.0.0-20200311171314-f7b00557c8c4/go.mod h1:LzIPMQfyMNhhGPhUkYOs5KpL4U8rLKemX1yGLhDgUto=
golang.org/x/crypto v0.0.0-20200320181102-891825fb96df h1:lDWgvUvNnaTnNBc/dwOty86cFeKoKWbwy2wQj0gIxbU=
golang.org/x/crypto v0.0.0-20200320181102-891825fb96df/go.mod h1:LzIPMQfyMNhhGPhUkYOs5KpL4U8rLKemX1yGLhDgUto=
golang.org/x/net v0.0.0-20190404232315-eb5bcb51f2a3/go.mod h1:t9HGtf8HONx5eT2rtn7q6eTqICYqUVnKs3thJo3Qplg=
golang.org/x/sys v0.0.0-20190215142949-d0b11bdaac8a/go.mod h1:STP8DvDyc/dI5b8T5hshtkjS+E42TnysNCUPdjciGhY=
golang.org/x/sys v0.0.0-20190412213103-97732733099d/go.mod h1:h1NjWce9XRLGQEsW7wpKNCjG9DtNlClVuFLEZdDNbEs=
golang.org/x/sys v0.0.0-20200116001909-b77594299b42 h1:vEOn+mP2zCOVzKckCZy6YsCtDblrpj/w7B9nxGNELpg=
golang.org/x/sys v0.0.0-20200116001909-b77594299b42/go.mod h1:h1NjWce9XRLGQEsW7wpKNCjG9DtNlClVuFLEZdDNbEs=
golang.org/x/sys v0.0.0-20200302150141-5c8b2ff67527 h1:uYVVQ9WP/Ds2ROhcaGPeIdVq0RIXVLwsHlnvJ+cT1So=
golang.org/x/sys v0.0.0-20200302150141-5c8b2ff67527/go.mod h1:h1NjWce9XRLGQEsW7wpKNCjG9DtNlClVuFLEZdDNbEs=
golang.org/x/sys v0.0.0-20200320181252-af34d8274f85 h1:fD99hd4ciR6T3oPhr2EkmuKe9oHixHx9Hj/hND89j3g=
golang.org/x/sys v0.0.0-20200320181252-af34d8274f85/go.mod h1:h1NjWce9XRLGQEsW7wpKNCjG9DtNlClVuFLEZdDNbEs=
golang.org/x/sys v0.0.0-20200321134203-328b4cd54aae h1:3tcmuaB7wwSZtelmiv479UjUB+vviwABz7a133ZwOKQ=
golang.org/x/sys v0.0.0-20200321134203-328b4cd54aae/go.mod h1:h1NjWce9XRLGQEsW7wpKNCjG9DtNlClVuFLEZdDNbEs=
golang.org/x/text v0.3.0/go.mod h1:NqM8EUOU14njkJ3fqMW+pc6Ldnwhi/IjpwHt7yyuwOQ=
golang.org/x/tools v0.0.0-20200319210407-521f4a0cd458 h1:DgonIcqC7u+gVZX7lpuReBil5B/i8fvW/hAQdhT6/ao=
gopkg.in/check.v1 v0.0.0-20161208181325-20d25e280405/go.mod h1:Co6ibVJAznAaIkqp8huTwlJQCZ016jof/cbN4VW5Yz0=
gopkg.in/yaml.v2 v2.2.2 h1:ZCJp+EgiOT7lHqUV2J862kp8Qj64Jo6az82+3Td9dZw=
gopkg.in/yaml.v2 v2.2.2/go.mod h1:hI93XBmqTisBFMUTm0b8Fm+jr3Dg1NNxqwp+5A1VGuI=
